
Microsoft Visual Studio Solution File, Format Version 12.00
# Visual Studio Version 17
VisualStudioVersion = 17.1.32127.271
MinimumVisualStudioVersion = 10.0.40219.1
Project("{2150E333-8FDC-42A3-9474-1A3956D46DE8}") = "src", "src", "{FAB60A24-3C0E-4D03-8745-D3186F61FA1C}"
EndProject
Project("{2150E333-8FDC-42A3-9474-1A3956D46DE8}") = "Application", "Application", "{CF29F54D-1525-4127-B843-2F109C5C63E7}"
EndProject
Project("{2150E333-8FDC-42A3-9474-1A3956D46DE8}") = "Domain", "Domain", "{6E6844AD-E48C-4E92-A3A5-046B028FECBC}"
EndProject
Project("{2150E333-8FDC-42A3-9474-1A3956D46DE8}") = "Infrastructure", "Infrastructure", "{09CF1CA3-B14D-44B7-B3AA-8819C141426B}"
EndProject
Project("{FAE04EC0-301F-11D3-BF4B-00C04F79EFBC}") = "Application", "Application\Application.csproj", "{47BF82BC-B954-4E98-A956-938728CFF651}"
EndProject
Project("{FAE04EC0-301F-11D3-BF4B-00C04F79EFBC}") = "Domain", "Domain\Domain.csproj", "{5DB42272-9365-4F44-8052-2B143E02AE60}"
EndProject
Project("{FAE04EC0-301F-11D3-BF4B-00C04F79EFBC}") = "Infrastructure", "Infrastructure\Infrastructure.csproj", "{31050911-9A37-4DAE-A7A7-21EC342499B1}"
EndProject
Global
	GlobalSection(SolutionConfigurationPlatforms) = preSolution
		Debug|Any CPU = Debug|Any CPU
		Release|Any CPU = Release|Any CPU
	EndGlobalSection
	GlobalSection(ProjectConfigurationPlatforms) = postSolution
		{47BF82BC-B954-4E98-A956-938728CFF651}.Debug|Any CPU.ActiveCfg = Debug|Any CPU
		{47BF82BC-B954-4E98-A956-938728CFF651}.Debug|Any CPU.Build.0 = Debug|Any CPU
		{47BF82BC-B954-4E98-A956-938728CFF651}.Release|Any CPU.ActiveCfg = Release|Any CPU
		{47BF82BC-B954-4E98-A956-938728CFF651}.Release|Any CPU.Build.0 = Release|Any CPU
		{5DB42272-9365-4F44-8052-2B143E02AE60}.Debug|Any CPU.ActiveCfg = Debug|Any CPU
		{5DB42272-9365-4F44-8052-2B143E02AE60}.Debug|Any CPU.Build.0 = Debug|Any CPU
		{5DB42272-9365-4F44-8052-2B143E02AE60}.Release|Any CPU.ActiveCfg = Release|Any CPU
		{5DB42272-9365-4F44-8052-2B143E02AE60}.Release|Any CPU.Build.0 = Release|Any CPU
		{31050911-9A37-4DAE-A7A7-21EC342499B1}.Debug|Any CPU.ActiveCfg = Debug|Any CPU
		{31050911-9A37-4DAE-A7A7-21EC342499B1}.Debug|Any CPU.Build.0 = Debug|Any CPU
		{31050911-9A37-4DAE-A7A7-21EC342499B1}.Release|Any CPU.ActiveCfg = Release|Any CPU
		{31050911-9A37-4DAE-A7A7-21EC342499B1}.Release|Any CPU.Build.0 = Release|Any CPU
	EndGlobalSection
	GlobalSection(SolutionProperties) = preSolution
		HideSolutionNode = FALSE
	EndGlobalSection
	GlobalSection(NestedProjects) = preSolution
		{CF29F54D-1525-4127-B843-2F109C5C63E7} = {FAB60A24-3C0E-4D03-8745-D3186F61FA1C}
		{6E6844AD-E48C-4E92-A3A5-046B028FECBC} = {FAB60A24-3C0E-4D03-8745-D3186F61FA1C}
		{09CF1CA3-B14D-44B7-B3AA-8819C141426B} = {FAB60A24-3C0E-4D03-8745-D3186F61FA1C}
		{47BF82BC-B954-4E98-A956-938728CFF651} = {CF29F54D-1525-4127-B843-2F109C5C63E7}
		{5DB42272-9365-4F44-8052-2B143E02AE60} = {6E6844AD-E48C-4E92-A3A5-046B028FECBC}
		{31050911-9A37-4DAE-A7A7-21EC342499B1} = {09CF1CA3-B14D-44B7-B3AA-8819C141426B}
	EndGlobalSection
	GlobalSection(ExtensibilityGlobals) = postSolution
		SolutionGuid = {581EC212-B134-40FC-AC9A-85A546350E02}
	EndGlobalSection
EndGlobal
